
Microsoft Visual Studio Solution File, Format Version 12.00
# Visual Studio Version 17
VisualStudioVersion = 17.14.36203.30 d17.14
MinimumVisualStudioVersion = 10.0.40219.1
Project("{FAE04EC0-301F-11D3-BF4B-00C04F79EFBC}") = "ReceiptExpenseTracker", "ReceiptExpenseTracker.csproj", "{8B9DEA50-2E9F-6AA4-AC79-C1D4665EA862}"
EndProject
Global
	GlobalSection(SolutionConfigurationPlatforms) = preSolution
		Debug|Any CPU = Debug|Any CPU
		Release|Any CPU = Release|Any CPU
	EndGlobalSection
	GlobalSection(ProjectConfigurationPlatforms) = postSolution
		{8B9DEA50-2E9F-6AA4-AC79-C1D4665EA862}.Debug|Any CPU.ActiveCfg = Debug|Any CPU
		{8B9DEA50-2E9F-6AA4-AC79-C1D4665EA862}.Debug|Any CPU.Build.0 = Debug|Any CPU
		{8B9DEA50-2E9F-6AA4-AC79-C1D4665EA862}.Release|Any CPU.ActiveCfg = Release|Any CPU
		{8B9DEA50-2E9F-6AA4-AC79-C1D4665EA862}.Release|Any CPU.Build.0 = Release|Any CPU
	EndGlobalSection
	GlobalSection(SolutionProperties) = preSolution
		HideSolutionNode = FALSE
	EndGlobalSection
	GlobalSection(ExtensibilityGlobals) = postSolution
		SolutionGuid = {AD9B4F4F-E867-4814-B30E-FCAE84D41752}
	EndGlobalSection
EndGlobal
